// !$*UTF8*$!
{
	archiveVersion = 1;
	classes = {
	};
	objectVersion = 50;
	objects = {

/* Begin PBXBuildFile section */
		4903D8182244FA8600F29755 /* AppDelegate.swift in Sources */ = {isa = PBXBuildFile; fileRef = 4903D8172244FA8600F29755 /* AppDelegate.swift */; };
		4903D81A2244FA8600F29755 /* ViewController.swift in Sources */ = {isa = PBXBuildFile; fileRef = 4903D8192244FA8600F29755 /* ViewController.swift */; };
		4903D81D2244FA8600F29755 /* Main.storyboard in Resources */ = {isa = PBXBuildFile; fileRef = 4903D81B2244FA8600F29755 /* Main.storyboard */; };
		4903D81F2244FA9000F29755 /* Assets.xcassets in Resources */ = {isa = PBXBuildFile; fileRef = 4903D81E2244FA9000F29755 /* Assets.xcassets */; };
		4903D8222244FA9000F29755 /* LaunchScreen.storyboard in Resources */ = {isa = PBXBuildFile; fileRef = 4903D8202244FA9000F29755 /* LaunchScreen.storyboard */; };
		4903D82A22450C6C00F29755 /* ListEnum.swift in Sources */ = {isa = PBXBuildFile; fileRef = 4903D82922450C6C00F29755 /* ListEnum.swift */; };
		49E21319224A207200A746B9 /* SSRadioButton.swift in Sources */ = {isa = PBXBuildFile; fileRef = 49E21317224A207200A746B9 /* SSRadioButton.swift */; };
		49E2131B224A272F00A746B9 /* Countries.swift in Sources */ = {isa = PBXBuildFile; fileRef = 49E2131A224A272F00A746B9 /* Countries.swift */; };
		49F9BA00224900620007C297 /* countries.json in Resources */ = {isa = PBXBuildFile; fileRef = 49F9B9FF224900620007C297 /* countries.json */; };
		49F9BA02224928730007C297 /* ModTableCellController.swift in Sources */ = {isa = PBXBuildFile; fileRef = 49F9BA01224928730007C297 /* ModTableCellController.swift */; };
/* End PBXBuildFile section */

/* Begin PBXFileReference section */
		4903D8142244FA8600F29755 /* FlagList.app */ = {isa = PBXFileReference; explicitFileType = wrapper.application; includeInIndex = 0; path = FlagList.app; sourceTree = BUILT_PRODUCTS_DIR; };
		4903D8172244FA8600F29755 /* AppDelegate.swift */ = {isa = PBXFileReference; lastKnownFileType = sourcecode.swift; path = AppDelegate.swift; sourceTree = "<group>"; };
		4903D8192244FA8600F29755 /* ViewController.swift */ = {isa = PBXFileReference; lastKnownFileType = sourcecode.swift; path = ViewController.swift; sourceTree = "<group>"; };
		4903D81C2244FA8600F29755 /* Base */ = {isa = PBXFileReference; lastKnownFileType = file.storyboard; name = Base; path = Base.lproj/Main.storyboard; sourceTree = "<group>"; };
		4903D81E2244FA9000F29755 /* Assets.xcassets */ = {isa = PBXFileReference; lastKnownFileType = folder.assetcatalog; path = Assets.xcassets; sourceTree = "<group>"; };
		4903D8212244FA9000F29755 /* Base */ = {isa = PBXFileReference; lastKnownFileType = file.storyboard; name = Base; path = Base.lproj/LaunchScreen.storyboard; sourceTree = "<group>"; };
		4903D8232244FA9000F29755 /* Info.plist */ = {isa = PBXFileReference; lastKnownFileType = text.plist.xml; path = Info.plist; sourceTree = "<group>"; };
		4903D82922450C6C00F29755 /* ListEnum.swift */ = {isa = PBXFileReference; lastKnownFileType = sourcecode.swift; path = ListEnum.swift; sourceTree = "<group>"; };
		49E21317224A207200A746B9 /* SSRadioButton.swift */ = {isa = PBXFileReference; fileEncoding = 4; lastKnownFileType = sourcecode.swift; path = SSRadioButton.swift; sourceTree = "<group>"; };
		49E2131A224A272F00A746B9 /* Countries.swift */ = {isa = PBXFileReference; lastKnownFileType = sourcecode.swift; path = Countries.swift; sourceTree = "<group>"; };
		49F9B9FF224900620007C297 /* countries.json */ = {isa = PBXFileReference; fileEncoding = 4; lastKnownFileType = text.json; path = countries.json; sourceTree = "<group>"; };
		49F9BA01224928730007C297 /* ModTableCellController.swift */ = {isa = PBXFileReference; lastKnownFileType = sourcecode.swift; path = ModTableCellController.swift; sourceTree = "<group>"; };
/* End PBXFileReference section */

/* Begin PBXFrameworksBuildPhase section */
		4903D8112244FA8600F29755 /* Frameworks */ = {
			isa = PBXFrameworksBuildPhase;
			buildActionMask = 2147483647;
			files = (
			);
			runOnlyForDeploymentPostprocessing = 0;
		};
/* End PBXFrameworksBuildPhase section */

/* Begin PBXGroup section */
		4903D80B2244FA8600F29755 = {
			isa = PBXGroup;
			children = (
				4903D8162244FA8600F29755 /* FlagList */,
				4903D8152244FA8600F29755 /* Products */,
			);
			sourceTree = "<group>";
		};
		4903D8152244FA8600F29755 /* Products */ = {
			isa = PBXGroup;
			children = (
				4903D8142244FA8600F29755 /* FlagList.app */,
			);
			name = Products;
			sourceTree = "<group>";
		};
		4903D8162244FA8600F29755 /* FlagList */ = {
			isa = PBXGroup;
			children = (
				49E21315224A207200A746B9 /* SSRadioButtonController */,
				4903D8172244FA8600F29755 /* AppDelegate.swift */,
				4903D8192244FA8600F29755 /* ViewController.swift */,
				4903D81B2244FA8600F29755 /* Main.storyboard */,
				49F9B9FF224900620007C297 /* countries.json */,
				4903D81E2244FA9000F29755 /* Assets.xcassets */,
				4903D8202244FA9000F29755 /* LaunchScreen.storyboard */,
				4903D8232244FA9000F29755 /* Info.plist */,
				4903D82922450C6C00F29755 /* ListEnum.swift */,
				49F9BA01224928730007C297 /* ModTableCellController.swift */,
				49E2131A224A272F00A746B9 /* Countries.swift */,
			);
			path = FlagList;
			sourceTree = "<group>";
		};
		49E21315224A207200A746B9 /* SSRadioButtonController */ = {
			isa = PBXGroup;
			children = (
				49E21317224A207200A746B9 /* SSRadioButton.swift */,
			);
			path = SSRadioButtonController;
			sourceTree = "<group>";
		};
/* End PBXGroup section */

/* Begin PBXNativeTarget section */
		4903D8132244FA8600F29755 /* FlagList */ = {
			isa = PBXNativeTarget;
			buildConfigurationList = 4903D8262244FA9000F29755 /* Build configuration list for PBXNativeTarget "FlagList" */;
			buildPhases = (
				4903D8102244FA8600F29755 /* Sources */,
				4903D8112244FA8600F29755 /* Frameworks */,
				4903D8122244FA8600F29755 /* Resources */,
			);
			buildRules = (
			);
			dependencies = (
			);
			name = FlagList;
			productName = FlagList;
			productReference = 4903D8142244FA8600F29755 /* FlagList.app */;
			productType = "com.apple.product-type.application";
		};
/* End PBXNativeTarget section */

/* Begin PBXProject section */
		4903D80C2244FA8600F29755 /* Project object */ = {
			isa = PBXProject;
			attributes = {
				LastSwiftUpdateCheck = 1010;
				LastUpgradeCheck = 1010;
				ORGANIZATIONNAME = Mattia;
				TargetAttributes = {
					4903D8132244FA8600F29755 = {
						CreatedOnToolsVersion = 10.1;
					};
				};
			};
			buildConfigurationList = 4903D80F2244FA8600F29755 /* Build configuration list for PBXProject "FlagList" */;
			compatibilityVersion = "Xcode 9.3";
			developmentRegion = en;
			hasScannedForEncodings = 0;
			knownRegions = (
				en,
				Base,
			);
			mainGroup = 4903D80B2244FA8600F29755;
			productRefGroup = 4903D8152244FA8600F29755 /* Products */;
			projectDirPath = "";
			projectRoot = "";
			targets = (
				4903D8132244FA8600F29755 /* FlagList */,
			);
		};
/* End PBXProject section */

/* Begin PBXResourcesBuildPhase section */
		4903D8122244FA8600F29755 /* Resources */ = {
			isa = PBXResourcesBuildPhase;
			buildActionMask = 2147483647;
			files = (
				4903D8222244FA9000F29755 /* LaunchScreen.storyboard in Resources */,
				4903D81F2244FA9000F29755 /* Assets.xcassets in Resources */,
				49F9BA00224900620007C297 /* countries.json in Resources */,
				4903D81D2244FA8600F29755 /* Main.storyboard in Resources */,
			);
			runOnlyForDeploymentPostprocessing = 0;
		};
/* End PBXResourcesBuildPhase section */

/* Begin PBXSourcesBuildPhase section */
		4903D8102244FA8600F29755 /* Sources */ = {
			isa = PBXSourcesBuildPhase;
			buildActionMask = 2147483647;
			files = (
				4903D82A22450C6C00F29755 /* ListEnum.swift in Sources */,
				4903D81A2244FA8600F29755 /* ViewController.swift in Sources */,
				4903D8182244FA8600F29755 /* AppDelegate.swift in Sources */,
				49F9BA02224928730007C297 /* ModTableCellController.swift in Sources */,
				49E2131B224A272F00A746B9 /* Countries.swift in Sources */,
				49E21319224A207200A746B9 /* SSRadioButton.swift in Sources */,
			);
			runOnlyForDeploymentPostprocessing = 0;
		};
/* End PBXSourcesBuildPhase section */

/* Begin PBXVariantGroup section */
		4903D81B2244FA8600F29755 /* Main.storyboard */ = {
			isa = PBXVariantGroup;
			children = (
				4903D81C2244FA8600F29755 /* Base */,
			);
			name = Main.storyboard;
			sourceTree = "<group>";
		};
		4903D8202244FA9000F29755 /* LaunchScreen.storyboard */ = {
			isa = PBXVariantGroup;
			children = (
				4903D8212244FA9000F29755 /* Base */,
			);
			name = LaunchScreen.storyboard;
			sourceTree = "<group>";
		};
/* End PBXVariantGroup section */

/* Begin XCBuildConfiguration section */
		4903D8242244FA9000F29755 /* Debug */ = {
			isa = XCBuildConfiguration;
			buildSettings = {
				ALWAYS_SEARCH_USER_PATHS = NO;
				CLANG_ANALYZER_NONNULL = YES;
				CLANG_ANALYZER_NUMBER_OBJECT_CONVERSION = YES_AGGRESSIVE;
				CLANG_CXX_LANGUAGE_STANDARD = "gnu++14";
				CLANG_CXX_LIBRARY = "libc++";
				CLANG_ENABLE_MODULES = YES;
				CLANG_ENABLE_OBJC_ARC = YES;
				CLANG_ENABLE_OBJC_WEAK = YES;
				CLANG_WARN_BLOCK_CAPTURE_AUTORELEASING = YES;
				CLANG_WARN_BOOL_CONVERSION = YES;
				CLANG_WARN_COMMA = YES;
				CLANG_WARN_CONSTANT_CONVERSION = YES;
				CLANG_WARN_DEPRECATED_OBJC_IMPLEMENTATIONS = YES;
				CLANG_WARN_DIRECT_OBJC_ISA_USAGE = YES_ERROR;
				CLANG_WARN_DOCUMENTATION_COMMENTS = YES;
				CLANG_WARN_EMPTY_BODY = YES;
				CLANG_WARN_ENUM_CONVERSION = YES;
				CLANG_WARN_INFINITE_RECURSION = YES;
				CLANG_WARN_INT_CONVERSION = YES;
				CLANG_WARN_NON_LITERAL_NULL_CONVERSION = YES;
				CLANG_WARN_OBJC_IMPLICIT_RETAIN_SELF = YES;
				CLANG_WARN_OBJC_LITERAL_CONVERSION = YES;
				CLANG_WARN_OBJC_ROOT_CLASS = YES_ERROR;
				CLANG_WARN_RANGE_LOOP_ANALYSIS = YES;
				CLANG_WARN_STRICT_PROTOTYPES = YES;
				CLANG_WARN_SUSPICIOUS_MOVE = YES;
				CLANG_WARN_UNGUARDED_AVAILABILITY = YES_AGGRESSIVE;
				CLANG_WARN_UNREACHABLE_CODE = YES;
				CLANG_WARN__DUPLICATE_METHOD_MATCH = YES;
				CODE_SIGN_IDENTITY = "iPhone Developer";
				COPY_PHASE_STRIP = NO;
				DEBUG_INFORMATION_FORMAT = dwarf;
				ENABLE_STRICT_OBJC_MSGSEND = YES;
				ENABLE_TESTABILITY = YES;
				GCC_C_LANGUAGE_STANDARD = gnu11;
				GCC_DYNAMIC_NO_PIC = NO;
				GCC_NO_COMMON_BLOCKS = YES;
				GCC_OPTIMIZATION_LEVEL = 0;
				GCC_PREPROCESSOR_DEFINITIONS = (
					"DEBUG=1",
					"$(inherited)",
				);
				GCC_WARN_64_TO_32_BIT_CONVERSION = YES;
				GCC_WARN_ABOUT_RETURN_TYPE = YES_ERROR;
				GCC_WARN_UNDECLARED_SELECTOR = YES;
				GCC_WARN_UNINITIALIZED_AUTOS = YES_AGGRESSIVE;
				GCC_WARN_UNUSED_FUNCTION = YES;
				GCC_WARN_UNUSED_VARIABLE = YES;
				IPHONEOS_DEPLOYMENT_TARGET = 12.1;
				MTL_ENABLE_DEBUG_INFO = INCLUDE_SOURCE;
				MTL_FAST_MATH = YES;
				ONLY_ACTIVE_ARCH = YES;
				SDKROOT = iphoneos;
				SWIFT_ACTIVE_COMPILATION_CONDITIONS = DEBUG;
				SWIFT_OPTIMIZATION_LEVEL = "-Onone";
			};
			name = Debug;
		};
		4903D8252244FA9000F29755 /* Release */ = {
			isa = XCBuildConfiguration;
			buildSettings = {
				ALWAYS_SEARCH_USER_PATHS = NO;
				CLANG_ANALYZER_NONNULL = YES;
				CLANG_ANALYZER_NUMBER_OBJECT_CONVERSION = YES_AGGRESSIVE;
				CLANG_CXX_LANGUAGE_STANDARD = "gnu++14";
				CLANG_CXX_LIBRARY = "libc++";
				CLANG_ENABLE_MODULES = YES;
				CLANG_ENABLE_OBJC_ARC = YES;
				CLANG_ENABLE_OBJC_WEAK = YES;
				CLANG_WARN_BLOCK_CAPTURE_AUTORELEASING = YES;
				CLANG_WARN_BOOL_CONVERSION = YES;
				CLANG_WARN_COMMA = YES;
				CLANG_WARN_CONSTANT_CONVERSION = YES;
				CLANG_WARN_DEPRECATED_OBJC_IMPLEMENTATIONS = YES;
				CLANG_WARN_DIRECT_OBJC_ISA_USAGE = YES_ERROR;
				CLANG_WARN_DOCUMENTATION_COMMENTS = YES;
				CLANG_WARN_EMPTY_BODY = YES;
				CLANG_WARN_ENUM_CONVERSION = YES;
				CLANG_WARN_INFINITE_RECURSION = YES;
				CLANG_WARN_INT_CONVERSION = YES;
				CLANG_WARN_NON_LITERAL_NULL_CONVERSION = YES;
				CLANG_WARN_OBJC_IMPLICIT_RETAIN_SELF = YES;
				CLANG_WARN_OBJC_LITERAL_CONVERSION = YES;
				CLANG_WARN_OBJC_ROOT_CLASS = YES_ERROR;
				CLANG_WARN_RANGE_LOOP_ANALYSIS = YES;
				CLANG_WARN_STRICT_PROTOTYPES = YES;
				CLANG_WARN_SUSPICIOUS_MOVE = YES;
				CLANG_WARN_UNGUARDED_AVAILABILITY = YES_AGGRESSIVE;
				CLANG_WARN_UNREACHABLE_CODE = YES;
				CLANG_WARN__DUPLICATE_METHOD_MATCH = YES;
				CODE_SIGN_IDENTITY = "iPhone Developer";
				COPY_PHASE_STRIP = NO;
				DEBUG_INFORMATION_FORMAT = "dwarf-with-dsym";
				ENABLE_NS_ASSERTIONS = NO;
				ENABLE_STRICT_OBJC_MSGSEND = YES;
				GCC_C_LANGUAGE_STANDARD = gnu11;
				GCC_NO_COMMON_BLOCKS = YES;
				GCC_WARN_64_TO_32_BIT_CONVERSION = YES;
				GCC_WARN_ABOUT_RETURN_TYPE = YES_ERROR;
				GCC_WARN_UNDECLARED_SELECTOR = YES;
				GCC_WARN_UNINITIALIZED_AUTOS = YES_AGGRESSIVE;
				GCC_WARN_UNUSED_FUNCTION = YES;
				GCC_WARN_UNUSED_VARIABLE = YES;
				IPHONEOS_DEPLOYMENT_TARGET = 12.1;
				MTL_ENABLE_DEBUG_INFO = NO;
				MTL_FAST_MATH = YES;
				SDKROOT = iphoneos;
				SWIFT_COMPILATION_MODE = wholemodule;
				SWIFT_OPTIMIZATION_LEVEL = "-O";
				VALIDATE_PRODUCT = YES;
			};
			name = Release;
		};
		4903D8272244FA9000F29755 /* Debug */ = {
			isa = XCBuildConfiguration;
			buildSettings = {
				ASSETCATALOG_COMPILER_APPICON_NAME = AppIcon;
				CODE_SIGN_STYLE = Automatic;
				DEVELOPMENT_TEAM = CPJ98JGHA8;
				INFOPLIST_FILE = FlagList/Info.plist;
				LD_RUNPATH_SEARCH_PATHS = (
					"$(inherited)",
					"@executable_path/Frameworks",
				);
				PRODUCT_BUNDLE_IDENTIFIER = "-Atos.FlagList";
				PRODUCT_NAME = "$(TARGET_NAME)";
				SWIFT_VERSION = 4.2;
				TARGETED_DEVICE_FAMILY = "1,2";
			};
			name = Debug;
		};
		4903D8282244FA9000F29755 /* Release */ = {
			isa = XCBuildConfiguration;
			buildSettings = {
				ASSETCATALOG_COMPILER_APPICON_NAME = AppIcon;
				CODE_SIGN_STYLE = Automatic;
				DEVELOPMENT_TEAM = CPJ98JGHA8;
				INFOPLIST_FILE = FlagList/Info.plist;
				LD_RUNPATH_SEARCH_PATHS = (
					"$(inherited)",
					"@executable_path/Frameworks",
				);
				PRODUCT_BUNDLE_IDENTIFIER = "-Atos.FlagList";
				PRODUCT_NAME = "$(TARGET_NAME)";
				SWIFT_VERSION = 4.2;
				TARGETED_DEVICE_FAMILY = "1,2";
			};
			name = Release;
		};
/* End XCBuildConfiguration section */

/* Begin XCConfigurationList section */
		4903D80F2244FA8600F29755 /* Build configuration list for PBXProject "FlagList" */ = {
			isa = XCConfigurationList;
			buildConfigurations = (
				4903D8242244FA9000F29755 /* Debug */,
				4903D8252244FA9000F29755 /* Release */,
			);
			defaultConfigurationIsVisible = 0;
			defaultConfigurationName = Release;
		};
		4903D8262244FA9000F29755 /* Build configuration list for PBXNativeTarget "FlagList" */ = {
			isa = XCConfigurationList;
			buildConfigurations = (
				4903D8272244FA9000F29755 /* Debug */,
				4903D8282244FA9000F29755 /* Release */,
			);
			defaultConfigurationIsVisible = 0;
			defaultConfigurationName = Release;
		};
/* End XCConfigurationList section */
	};
	rootObject = 4903D80C2244FA8600F29755 /* Project object */;
}
